
Microsoft Visual Studio Solution File, Format Version 12.00
# Visual Studio Version 17
VisualStudioVersion = 17.4.33103.184
MinimumVisualStudioVersion = 10.0.40219.1
Project("{FAE04EC0-301F-11D3-BF4B-00C04F79EFBC}") = "Optativo3Project", "Optativo3Project\Optativo3Project.csproj", "{72C8AA0E-86E1-4D7A-87F4-A1261A5FF354}"
EndProject
Global
	GlobalSection(SolutionConfigurationPlatforms) = preSolution
		Debug|Any CPU = Debug|Any CPU
		Release|Any CPU = Release|Any CPU
	EndGlobalSection
	GlobalSection(ProjectConfigurationPlatforms) = postSolution
		{72C8AA0E-86E1-4D7A-87F4-A1261A5FF354}.Debug|Any CPU.ActiveCfg = Debug|Any CPU
		{72C8AA0E-86E1-4D7A-87F4-A1261A5FF354}.Debug|Any CPU.Build.0 = Debug|Any CPU
		{72C8AA0E-86E1-4D7A-87F4-A1261A5FF354}.Release|Any CPU.ActiveCfg = Release|Any CPU
		{72C8AA0E-86E1-4D7A-87F4-A1261A5FF354}.Release|Any CPU.Build.0 = Release|Any CPU
	EndGlobalSection
	GlobalSection(SolutionProperties) = preSolution
		HideSolutionNode = FALSE
	EndGlobalSection
	GlobalSection(ExtensibilityGlobals) = postSolution
		SolutionGuid = {CC169488-CF91-4997-8FB6-07C01CAAE09E}
	EndGlobalSection
EndGlobal
